// !$*UTF8*$!
{
	archiveVersion = 1;
	classes = {
	};
	objectVersion = 50;
	objects = {

/* Begin PBXBuildFile section */
		F42862530974F5FD95210C3C /* libPods-SD&AFN.a in Frameworks */ = {isa = PBXBuildFile; fileRef = 71850B743BFD996F547C209C /* libPods-SD&AFN.a */; };
		F60E19422150845F0026AF9A /* AppDelegate.m in Sources */ = {isa = PBXBuildFile; fileRef = F60E19412150845F0026AF9A /* AppDelegate.m */; };
		F60E19452150845F0026AF9A /* ViewController.m in Sources */ = {isa = PBXBuildFile; fileRef = F60E19442150845F0026AF9A /* ViewController.m */; };
		F60E19482150845F0026AF9A /* Main.storyboard in Resources */ = {isa = PBXBuildFile; fileRef = F60E19462150845F0026AF9A /* Main.storyboard */; };
		F60E194A215084600026AF9A /* Assets.xcassets in Resources */ = {isa = PBXBuildFile; fileRef = F60E1949215084600026AF9A /* Assets.xcassets */; };
		F60E194D215084600026AF9A /* LaunchScreen.storyboard in Resources */ = {isa = PBXBuildFile; fileRef = F60E194B215084600026AF9A /* LaunchScreen.storyboard */; };
		F60E1950215084600026AF9A /* main.m in Sources */ = {isa = PBXBuildFile; fileRef = F60E194F215084600026AF9A /* main.m */; };
		F6BD4605215F02EC006811E2 /* TableViewCell.m in Sources */ = {isa = PBXBuildFile; fileRef = F6BD4603215F02EC006811E2 /* TableViewCell.m */; };
		F6BD4606215F02EC006811E2 /* TableViewCell.xib in Resources */ = {isa = PBXBuildFile; fileRef = F6BD4604215F02EC006811E2 /* TableViewCell.xib */; };
/* End PBXBuildFile section */

/* Begin PBXFileReference section */
		020C168BE13B6528128CDA9E /* Pods-SD&AFN.release.xcconfig */ = {isa = PBXFileReference; includeInIndex = 1; lastKnownFileType = text.xcconfig; name = "Pods-SD&AFN.release.xcconfig"; path = "Pods/Target Support Files/Pods-SD&AFN/Pods-SD&AFN.release.xcconfig"; sourceTree = "<group>"; };
		71850B743BFD996F547C209C /* libPods-SD&AFN.a */ = {isa = PBXFileReference; explicitFileType = archive.ar; includeInIndex = 0; path = "libPods-SD&AFN.a"; sourceTree = BUILT_PRODUCTS_DIR; };
		ABC32205F15EADED7DC46F9D /* Pods-SD&AFN.debug.xcconfig */ = {isa = PBXFileReference; includeInIndex = 1; lastKnownFileType = text.xcconfig; name = "Pods-SD&AFN.debug.xcconfig"; path = "Pods/Target Support Files/Pods-SD&AFN/Pods-SD&AFN.debug.xcconfig"; sourceTree = "<group>"; };
		F60E193D2150845F0026AF9A /* SD&AFN.app */ = {isa = PBXFileReference; explicitFileType = wrapper.application; includeInIndex = 0; path = "SD&AFN.app"; sourceTree = BUILT_PRODUCTS_DIR; };
		F60E19402150845F0026AF9A /* AppDelegate.h */ = {isa = PBXFileReference; lastKnownFileType = sourcecode.c.h; path = AppDelegate.h; sourceTree = "<group>"; };
		F60E19412150845F0026AF9A /* AppDelegate.m */ = {isa = PBXFileReference; lastKnownFileType = sourcecode.c.objc; path = AppDelegate.m; sourceTree = "<group>"; };
		F60E19432150845F0026AF9A /* ViewController.h */ = {isa = PBXFileReference; lastKnownFileType = sourcecode.c.h; path = ViewController.h; sourceTree = "<group>"; };
		F60E19442150845F0026AF9A /* ViewController.m */ = {isa = PBXFileReference; lastKnownFileType = sourcecode.c.objc; path = ViewController.m; sourceTree = "<group>"; };
		F60E19472150845F0026AF9A /* Base */ = {isa = PBXFileReference; lastKnownFileType = file.storyboard; name = Base; path = Base.lproj/Main.storyboard; sourceTree = "<group>"; };
		F60E1949215084600026AF9A /* Assets.xcassets */ = {isa = PBXFileReference; lastKnownFileType = folder.assetcatalog; path = Assets.xcassets; sourceTree = "<group>"; };
		F60E194C215084600026AF9A /* Base */ = {isa = PBXFileReference; lastKnownFileType = file.storyboard; name = Base; path = Base.lproj/LaunchScreen.storyboard; sourceTree = "<group>"; };
		F60E194E215084600026AF9A /* Info.plist */ = {isa = PBXFileReference; lastKnownFileType = text.plist.xml; path = Info.plist; sourceTree = "<group>"; };
		F60E194F215084600026AF9A /* main.m */ = {isa = PBXFileReference; lastKnownFileType = sourcecode.c.objc; path = main.m; sourceTree = "<group>"; };
		F6BD4602215F02EC006811E2 /* TableViewCell.h */ = {isa = PBXFileReference; lastKnownFileType = sourcecode.c.h; path = TableViewCell.h; sourceTree = "<group>"; };
		F6BD4603215F02EC006811E2 /* TableViewCell.m */ = {isa = PBXFileReference; lastKnownFileType = sourcecode.c.objc; path = TableViewCell.m; sourceTree = "<group>"; };
		F6BD4604215F02EC006811E2 /* TableViewCell.xib */ = {isa = PBXFileReference; lastKnownFileType = file.xib; path = TableViewCell.xib; sourceTree = "<group>"; };
/* End PBXFileReference section */

/* Begin PBXFrameworksBuildPhase section */
		F60E193A2150845F0026AF9A /* Frameworks */ = {
			isa = PBXFrameworksBuildPhase;
			buildActionMask = 2147483647;
			files = (
				F42862530974F5FD95210C3C /* libPods-SD&AFN.a in Frameworks */,
			);
			runOnlyForDeploymentPostprocessing = 0;
		};
/* End PBXFrameworksBuildPhase section */

/* Begin PBXGroup section */
		51D60ADBAEC2D712E6E51215 /* Pods */ = {
			isa = PBXGroup;
			children = (
				ABC32205F15EADED7DC46F9D /* Pods-SD&AFN.debug.xcconfig */,
				020C168BE13B6528128CDA9E /* Pods-SD&AFN.release.xcconfig */,
			);
			name = Pods;
			sourceTree = "<group>";
		};
		869E9346BCD4BE9AAC8F8E15 /* Frameworks */ = {
			isa = PBXGroup;
			children = (
				71850B743BFD996F547C209C /* libPods-SD&AFN.a */,
			);
			name = Frameworks;
			sourceTree = "<group>";
		};
		F60E19342150845F0026AF9A = {
			isa = PBXGroup;
			children = (
				F60E193F2150845F0026AF9A /* SD&AFN */,
				F60E193E2150845F0026AF9A /* Products */,
				51D60ADBAEC2D712E6E51215 /* Pods */,
				869E9346BCD4BE9AAC8F8E15 /* Frameworks */,
			);
			sourceTree = "<group>";
		};
		F60E193E2150845F0026AF9A /* Products */ = {
			isa = PBXGroup;
			children = (
				F60E193D2150845F0026AF9A /* SD&AFN.app */,
			);
			name = Products;
			sourceTree = "<group>";
		};
		F60E193F2150845F0026AF9A /* SD&AFN */ = {
			isa = PBXGroup;
			children = (
				F60E19402150845F0026AF9A /* AppDelegate.h */,
				F60E19412150845F0026AF9A /* AppDelegate.m */,
				F60E19432150845F0026AF9A /* ViewController.h */,
				F60E19442150845F0026AF9A /* ViewController.m */,
				F60E19462150845F0026AF9A /* Main.storyboard */,
				F60E1949215084600026AF9A /* Assets.xcassets */,
				F60E194B215084600026AF9A /* LaunchScreen.storyboard */,
				F60E194E215084600026AF9A /* Info.plist */,
				F60E194F215084600026AF9A /* main.m */,
				F6BD4602215F02EC006811E2 /* TableViewCell.h */,
				F6BD4603215F02EC006811E2 /* TableViewCell.m */,
				F6BD4604215F02EC006811E2 /* TableViewCell.xib */,
			);
			path = "SD&AFN";
			sourceTree = "<group>";
		};
/* End PBXGroup section */

/* Begin PBXNativeTarget section */
		F60E193C2150845F0026AF9A /* SD&AFN */ = {
			isa = PBXNativeTarget;
			buildConfigurationList = F60E1953215084600026AF9A /* Build configuration list for PBXNativeTarget "SD&AFN" */;
			buildPhases = (
				B6AE84AC13914A2ECD696A8E /* [CP] Check Pods Manifest.lock */,
				F60E19392150845F0026AF9A /* Sources */,
				F60E193A2150845F0026AF9A /* Frameworks */,
				F60E193B2150845F0026AF9A /* Resources */,
			);
			buildRules = (
			);
			dependencies = (
			);
			name = "SD&AFN";
			productName = "SD&AFN";
			productReference = F60E193D2150845F0026AF9A /* SD&AFN.app */;
			productType = "com.apple.product-type.application";
		};
/* End PBXNativeTarget section */

/* Begin PBXProject section */
		F60E19352150845F0026AF9A /* Project object */ = {
			isa = PBXProject;
			attributes = {
				LastUpgradeCheck = 0940;
				ORGANIZATIONNAME = Jaylan;
				TargetAttributes = {
					F60E193C2150845F0026AF9A = {
						CreatedOnToolsVersion = 9.4.1;
					};
				};
			};
			buildConfigurationList = F60E19382150845F0026AF9A /* Build configuration list for PBXProject "SD&AFN" */;
			compatibilityVersion = "Xcode 9.3";
			developmentRegion = en;
			hasScannedForEncodings = 0;
			knownRegions = (
				en,
				Base,
			);
			mainGroup = F60E19342150845F0026AF9A;
			productRefGroup = F60E193E2150845F0026AF9A /* Products */;
			projectDirPath = "";
			projectRoot = "";
			targets = (
				F60E193C2150845F0026AF9A /* SD&AFN */,
			);
		};
/* End PBXProject section */

/* Begin PBXResourcesBuildPhase section */
		F60E193B2150845F0026AF9A /* Resources */ = {
			isa = PBXResourcesBuildPhase;
			buildActionMask = 2147483647;
			files = (
				F60E194D215084600026AF9A /* LaunchScreen.storyboard in Resources */,
				F6BD4606215F02EC006811E2 /* TableViewCell.xib in Resources */,
				F60E194A215084600026AF9A /* Assets.xcassets in Resources */,
				F60E19482150845F0026AF9A /* Main.storyboard in Resources */,
			);
			runOnlyForDeploymentPostprocessing = 0;
		};
/* End PBXResourcesBuildPhase section */

/* Begin PBXShellScriptBuildPhase section */
		B6AE84AC13914A2ECD696A8E /* [CP] Check Pods Manifest.lock */ = {
			isa = PBXShellScriptBuildPhase;
			buildActionMask = 2147483647;
			files = (
			);
			inputPaths = (
				"${PODS_PODFILE_DIR_PATH}/Podfile.lock",
				"${PODS_ROOT}/Manifest.lock",
			);
			name = "[CP] Check Pods Manifest.lock";
			outputPaths = (
				"$(DERIVED_FILE_DIR)/Pods-SD&AFN-checkManifestLockResult.txt",
			);
			runOnlyForDeploymentPostprocessing = 0;
			shellPath = /bin/sh;
			shellScript = "diff \"${PODS_PODFILE_DIR_PATH}/Podfile.lock\" \"${PODS_ROOT}/Manifest.lock\" > /dev/null\nif [ $? != 0 ] ; then\n    # print error to STDERR\n    echo \"error: The sandbox is not in sync with the Podfile.lock. Run 'pod install' or update your CocoaPods installation.\" >&2\n    exit 1\nfi\n# This output is used by Xcode 'outputs' to avoid re-running this script phase.\necho \"SUCCESS\" > \"${SCRIPT_OUTPUT_FILE_0}\"\n";
			showEnvVarsInLog = 0;
		};
/* End PBXShellScriptBuildPhase section */

/* Begin PBXSourcesBuildPhase section */
		F60E19392150845F0026AF9A /* Sources */ = {
			isa = PBXSourcesBuildPhase;
			buildActionMask = 2147483647;
			files = (
				F60E19452150845F0026AF9A /* ViewController.m in Sources */,
				F6BD4605215F02EC006811E2 /* TableViewCell.m in Sources */,
				F60E1950215084600026AF9A /* main.m in Sources */,
				F60E19422150845F0026AF9A /* AppDelegate.m in Sources */,
			);
			runOnlyForDeploymentPostprocessing = 0;
		};
/* End PBXSourcesBuildPhase section */

/* Begin PBXVariantGroup section */
		F60E19462150845F0026AF9A /* Main.storyboard */ = {
			isa = PBXVariantGroup;
			children = (
				F60E19472150845F0026AF9A /* Base */,
			);
			name = Main.storyboard;
			sourceTree = "<group>";
		};
		F60E194B215084600026AF9A /* LaunchScreen.storyboard */ = {
			isa = PBXVariantGroup;
			children = (
				F60E194C215084600026AF9A /* Base */,
			);
			name = LaunchScreen.storyboard;
			sourceTree = "<group>";
		};
/* End PBXVariantGroup section */

/* Begin XCBuildConfiguration section */
		F60E1951215084600026AF9A /* Debug */ = {
			isa = XCBuildConfiguration;
			buildSettings = {
				ALWAYS_SEARCH_USER_PATHS = NO;
				CLANG_ANALYZER_NONNULL = YES;
				CLANG_ANALYZER_NUMBER_OBJECT_CONVERSION = YES_AGGRESSIVE;
				CLANG_CXX_LANGUAGE_STANDARD = "gnu++14";
				CLANG_CXX_LIBRARY = "libc++";
				CLANG_ENABLE_MODULES = YES;
				CLANG_ENABLE_OBJC_ARC = YES;
				CLANG_ENABLE_OBJC_WEAK = YES;
				CLANG_WARN_BLOCK_CAPTURE_AUTORELEASING = YES;
				CLANG_WARN_BOOL_CONVERSION = YES;
				CLANG_WARN_COMMA = YES;
				CLANG_WARN_CONSTANT_CONVERSION = YES;
				CLANG_WARN_DEPRECATED_OBJC_IMPLEMENTATIONS = YES;
				CLANG_WARN_DIRECT_OBJC_ISA_USAGE = YES_ERROR;
				CLANG_WARN_DOCUMENTATION_COMMENTS = YES;
				CLANG_WARN_EMPTY_BODY = YES;
				CLANG_WARN_ENUM_CONVERSION = YES;
				CLANG_WARN_INFINITE_RECURSION = YES;
				CLANG_WARN_INT_CONVERSION = YES;
				CLANG_WARN_NON_LITERAL_NULL_CONVERSION = YES;
				CLANG_WARN_OBJC_IMPLICIT_RETAIN_SELF = YES;
				CLANG_WARN_OBJC_LITERAL_CONVERSION = YES;
				CLANG_WARN_OBJC_ROOT_CLASS = YES_ERROR;
				CLANG_WARN_RANGE_LOOP_ANALYSIS = YES;
				CLANG_WARN_STRICT_PROTOTYPES = YES;
				CLANG_WARN_SUSPICIOUS_MOVE = YES;
				CLANG_WARN_UNGUARDED_AVAILABILITY = YES_AGGRESSIVE;
				CLANG_WARN_UNREACHABLE_CODE = YES;
				CLANG_WARN__DUPLICATE_METHOD_MATCH = YES;
				CODE_SIGN_IDENTITY = "iPhone Developer";
				COPY_PHASE_STRIP = NO;
				DEBUG_INFORMATION_FORMAT = dwarf;
				ENABLE_STRICT_OBJC_MSGSEND = YES;
				ENABLE_TESTABILITY = YES;
				GCC_C_LANGUAGE_STANDARD = gnu11;
				GCC_DYNAMIC_NO_PIC = NO;
				GCC_NO_COMMON_BLOCKS = YES;
				GCC_OPTIMIZATION_LEVEL = 0;
				GCC_PREPROCESSOR_DEFINITIONS = (
					"DEBUG=1",
					"$(inherited)",
				);
				GCC_WARN_64_TO_32_BIT_CONVERSION = YES;
				GCC_WARN_ABOUT_RETURN_TYPE = YES_ERROR;
				GCC_WARN_UNDECLARED_SELECTOR = YES;
				GCC_WARN_UNINITIALIZED_AUTOS = YES_AGGRESSIVE;
				GCC_WARN_UNUSED_FUNCTION = YES;
				GCC_WARN_UNUSED_VARIABLE = YES;
				IPHONEOS_DEPLOYMENT_TARGET = 11.4;
				MTL_ENABLE_DEBUG_INFO = YES;
				ONLY_ACTIVE_ARCH = YES;
				SDKROOT = iphoneos;
			};
			name = Debug;
		};
		F60E1952215084600026AF9A /* Release */ = {
			isa = XCBuildConfiguration;
			buildSettings = {
				ALWAYS_SEARCH_USER_PATHS = NO;
				CLANG_ANALYZER_NONNULL = YES;
				CLANG_ANALYZER_NUMBER_OBJECT_CONVERSION = YES_AGGRESSIVE;
				CLANG_CXX_LANGUAGE_STANDARD = "gnu++14";
				CLANG_CXX_LIBRARY = "libc++";
				CLANG_ENABLE_MODULES = YES;
				CLANG_ENABLE_OBJC_ARC = YES;
				CLANG_ENABLE_OBJC_WEAK = YES;
				CLANG_WARN_BLOCK_CAPTURE_AUTORELEASING = YES;
				CLANG_WARN_BOOL_CONVERSION = YES;
				CLANG_WARN_COMMA = YES;
				CLANG_WARN_CONSTANT_CONVERSION = YES;
				CLANG_WARN_DEPRECATED_OBJC_IMPLEMENTATIONS = YES;
				CLANG_WARN_DIRECT_OBJC_ISA_USAGE = YES_ERROR;
				CLANG_WARN_DOCUMENTATION_COMMENTS = YES;
				CLANG_WARN_EMPTY_BODY = YES;
				CLANG_WARN_ENUM_CONVERSION = YES;
				CLANG_WARN_INFINITE_RECURSION = YES;
				CLANG_WARN_INT_CONVERSION = YES;
				CLANG_WARN_NON_LITERAL_NULL_CONVERSION = YES;
				CLANG_WARN_OBJC_IMPLICIT_RETAIN_SELF = YES;
				CLANG_WARN_OBJC_LITERAL_CONVERSION = YES;
				CLANG_WARN_OBJC_ROOT_CLASS = YES_ERROR;
				CLANG_WARN_RANGE_LOOP_ANALYSIS = YES;
				CLANG_WARN_STRICT_PROTOTYPES = YES;
				CLANG_WARN_SUSPICIOUS_MOVE = YES;
				CLANG_WARN_UNGUARDED_AVAILABILITY = YES_AGGRESSIVE;
				CLANG_WARN_UNREACHABLE_CODE = YES;
				CLANG_WARN__DUPLICATE_METHOD_MATCH = YES;
				CODE_SIGN_IDENTITY = "iPhone Developer";
				COPY_PHASE_STRIP = NO;
				DEBUG_INFORMATION_FORMAT = "dwarf-with-dsym";
				ENABLE_NS_ASSERTIONS = NO;
				ENABLE_STRICT_OBJC_MSGSEND = YES;
				GCC_C_LANGUAGE_STANDARD = gnu11;
				GCC_NO_COMMON_BLOCKS = YES;
				GCC_WARN_64_TO_32_BIT_CONVERSION = YES;
				GCC_WARN_ABOUT_RETURN_TYPE = YES_ERROR;
				GCC_WARN_UNDECLARED_SELECTOR = YES;
				GCC_WARN_UNINITIALIZED_AUTOS = YES_AGGRESSIVE;
				GCC_WARN_UNUSED_FUNCTION = YES;
				GCC_WARN_UNUSED_VARIABLE = YES;
				IPHONEOS_DEPLOYMENT_TARGET = 11.4;
				MTL_ENABLE_DEBUG_INFO = NO;
				SDKROOT = iphoneos;
				VALIDATE_PRODUCT = YES;
			};
			name = Release;
		};
		F60E1954215084600026AF9A /* Debug */ = {
			isa = XCBuildConfiguration;
			baseConfigurationReference = ABC32205F15EADED7DC46F9D /* Pods-SD&AFN.debug.xcconfig */;
			buildSettings = {
				ASSETCATALOG_COMPILER_APPICON_NAME = AppIcon;
				CODE_SIGN_STYLE = Automatic;
				INFOPLIST_FILE = "SD&AFN/Info.plist";
				IPHONEOS_DEPLOYMENT_TARGET = 8.0;
				LD_RUNPATH_SEARCH_PATHS = (
					"$(inherited)",
					"@executable_path/Frameworks",
				);
				PRODUCT_BUNDLE_IDENTIFIER = "com..SD-AFN";
				PRODUCT_NAME = "$(TARGET_NAME)";
				TARGETED_DEVICE_FAMILY = "1,2";
			};
			name = Debug;
		};
		F60E1955215084600026AF9A /* Release */ = {
			isa = XCBuildConfiguration;
			baseConfigurationReference = 020C168BE13B6528128CDA9E /* Pods-SD&AFN.release.xcconfig */;
			buildSettings = {
				ASSETCATALOG_COMPILER_APPICON_NAME = AppIcon;
				CODE_SIGN_STYLE = Automatic;
				INFOPLIST_FILE = "SD&AFN/Info.plist";
				IPHONEOS_DEPLOYMENT_TARGET = 8.0;
				LD_RUNPATH_SEARCH_PATHS = (
					"$(inherited)",
					"@executable_path/Frameworks",
				);
				PRODUCT_BUNDLE_IDENTIFIER = "com..SD-AFN";
				PRODUCT_NAME = "$(TARGET_NAME)";
				TARGETED_DEVICE_FAMILY = "1,2";
			};
			name = Release;
		};
/* End XCBuildConfiguration section */

/* Begin XCConfigurationList section */
		F60E19382150845F0026AF9A /* Build configuration list for PBXProject "SD&AFN" */ = {
			isa = XCConfigurationList;
			buildConfigurations = (
				F60E1951215084600026AF9A /* Debug */,
				F60E1952215084600026AF9A /* Release */,
			);
			defaultConfigurationIsVisible = 0;
			defaultConfigurationName = Release;
		};
		F60E1953215084600026AF9A /* Build configuration list for PBXNativeTarget "SD&AFN" */ = {
			isa = XCConfigurationList;
			buildConfigurations = (
				F60E1954215084600026AF9A /* Debug */,
				F60E1955215084600026AF9A /* Release */,
			);
			defaultConfigurationIsVisible = 0;
			defaultConfigurationName = Release;
		};
/* End XCConfigurationList section */
	};
	rootObject = F60E19352150845F0026AF9A /* Project object */;
}
